
Microsoft Visual Studio Solution File, Format Version 12.00
# Visual Studio Version 17
VisualStudioVersion = 17.3.32901.215
MinimumVisualStudioVersion = 10.0.40219.1
Project("{FAE04EC0-301F-11D3-BF4B-00C04F79EFBC}") = "contoso-names-service", "contoso-names-service.csproj", "{A8259DD1-BD2B-47E6-B04D-5186B2FEA923}"
EndProject
Global
	GlobalSection(SolutionConfigurationPlatforms) = preSolution
		Debug|Any CPU = Debug|Any CPU
		Release|Any CPU = Release|Any CPU
	EndGlobalSection
	GlobalSection(ProjectConfigurationPlatforms) = postSolution
		{A8259DD1-BD2B-47E6-B04D-5186B2FEA923}.Debug|Any CPU.ActiveCfg = Debug|Any CPU
		{A8259DD1-BD2B-47E6-B04D-5186B2FEA923}.Debug|Any CPU.Build.0 = Debug|Any CPU
		{A8259DD1-BD2B-47E6-B04D-5186B2FEA923}.Release|Any CPU.ActiveCfg = Release|Any CPU
		{A8259DD1-BD2B-47E6-B04D-5186B2FEA923}.Release|Any CPU.Build.0 = Release|Any CPU
	EndGlobalSection
	GlobalSection(SolutionProperties) = preSolution
		HideSolutionNode = FALSE
	EndGlobalSection
	GlobalSection(ExtensibilityGlobals) = postSolution
		SolutionGuid = {883804BA-1D7D-4CEE-B4ED-93CE9D169E61}
	EndGlobalSection
EndGlobal
